// !$*UTF8*$!
{
	archiveVersion = 1;
	classes = {
	};
	objectVersion = 55;
	objects = {

/* Begin PBXBuildFile section */
		898A376D29948AF00048F009 /* AppDelegate.swift in Sources */ = {isa = PBXBuildFile; fileRef = 898A376C29948AF00048F009 /* AppDelegate.swift */; };
		898A376F29948AF00048F009 /* SceneDelegate.swift in Sources */ = {isa = PBXBuildFile; fileRef = 898A376E29948AF00048F009 /* SceneDelegate.swift */; };
		898A377129948AF00048F009 /* ViewController.swift in Sources */ = {isa = PBXBuildFile; fileRef = 898A377029948AF00048F009 /* ViewController.swift */; };
		898A377429948AF00048F009 /* Main.storyboard in Resources */ = {isa = PBXBuildFile; fileRef = 898A377229948AF00048F009 /* Main.storyboard */; };
		898A377729948AF00048F009 /* Cricket_Info.xcdatamodeld in Sources */ = {isa = PBXBuildFile; fileRef = 898A377529948AF00048F009 /* Cricket_Info.xcdatamodeld */; };
		898A377929948AF00048F009 /* Assets.xcassets in Resources */ = {isa = PBXBuildFile; fileRef = 898A377829948AF00048F009 /* Assets.xcassets */; };
		898A377C29948AF00048F009 /* LaunchScreen.storyboard in Resources */ = {isa = PBXBuildFile; fileRef = 898A377A29948AF00048F009 /* LaunchScreen.storyboard */; };
		898A378729948AF00048F009 /* Cricket_InfoTests.swift in Sources */ = {isa = PBXBuildFile; fileRef = 898A378629948AF00048F009 /* Cricket_InfoTests.swift */; };
		898A379129948AF00048F009 /* Cricket_InfoUITests.swift in Sources */ = {isa = PBXBuildFile; fileRef = 898A379029948AF00048F009 /* Cricket_InfoUITests.swift */; };
		898A379329948AF00048F009 /* Cricket_InfoUITestsLaunchTests.swift in Sources */ = {isa = PBXBuildFile; fileRef = 898A379229948AF00048F009 /* Cricket_InfoUITestsLaunchTests.swift */; };
/* End PBXBuildFile section */

/* Begin PBXContainerItemProxy section */
		898A378329948AF00048F009 /* PBXContainerItemProxy */ = {
			isa = PBXContainerItemProxy;
			containerPortal = 898A376129948AEF0048F009 /* Project object */;
			proxyType = 1;
			remoteGlobalIDString = 898A376829948AEF0048F009;
			remoteInfo = Cricket_Info;
		};
		898A378D29948AF00048F009 /* PBXContainerItemProxy */ = {
			isa = PBXContainerItemProxy;
			containerPortal = 898A376129948AEF0048F009 /* Project object */;
			proxyType = 1;
			remoteGlobalIDString = 898A376829948AEF0048F009;
			remoteInfo = Cricket_Info;
		};
/* End PBXContainerItemProxy section */

/* Begin PBXFileReference section */
		898A376929948AF00048F009 /* Cricket_Info.app */ = {isa = PBXFileReference; explicitFileType = wrapper.application; includeInIndex = 0; path = Cricket_Info.app; sourceTree = BUILT_PRODUCTS_DIR; };
		898A376C29948AF00048F009 /* AppDelegate.swift */ = {isa = PBXFileReference; lastKnownFileType = sourcecode.swift; path = AppDelegate.swift; sourceTree = "<group>"; };
		898A376E29948AF00048F009 /* SceneDelegate.swift */ = {isa = PBXFileReference; lastKnownFileType = sourcecode.swift; path = SceneDelegate.swift; sourceTree = "<group>"; };
		898A377029948AF00048F009 /* ViewController.swift */ = {isa = PBXFileReference; lastKnownFileType = sourcecode.swift; path = ViewController.swift; sourceTree = "<group>"; };
		898A377329948AF00048F009 /* Base */ = {isa = PBXFileReference; lastKnownFileType = file.storyboard; name = Base; path = Base.lproj/Main.storyboard; sourceTree = "<group>"; };
		898A377629948AF00048F009 /* Cricket_Info.xcdatamodel */ = {isa = PBXFileReference; lastKnownFileType = wrapper.xcdatamodel; path = Cricket_Info.xcdatamodel; sourceTree = "<group>"; };
		898A377829948AF00048F009 /* Assets.xcassets */ = {isa = PBXFileReference; lastKnownFileType = folder.assetcatalog; path = Assets.xcassets; sourceTree = "<group>"; };
		898A377B29948AF00048F009 /* Base */ = {isa = PBXFileReference; lastKnownFileType = file.storyboard; name = Base; path = Base.lproj/LaunchScreen.storyboard; sourceTree = "<group>"; };
		898A377D29948AF00048F009 /* Info.plist */ = {isa = PBXFileReference; lastKnownFileType = text.plist.xml; path = Info.plist; sourceTree = "<group>"; };
		898A378229948AF00048F009 /* Cricket_InfoTests.xctest */ = {isa = PBXFileReference; explicitFileType = wrapper.cfbundle; includeInIndex = 0; path = Cricket_InfoTests.xctest; sourceTree = BUILT_PRODUCTS_DIR; };
		898A378629948AF00048F009 /* Cricket_InfoTests.swift */ = {isa = PBXFileReference; lastKnownFileType = sourcecode.swift; path = Cricket_InfoTests.swift; sourceTree = "<group>"; };
		898A378C29948AF00048F009 /* Cricket_InfoUITests.xctest */ = {isa = PBXFileReference; explicitFileType = wrapper.cfbundle; includeInIndex = 0; path = Cricket_InfoUITests.xctest; sourceTree = BUILT_PRODUCTS_DIR; };
		898A379029948AF00048F009 /* Cricket_InfoUITests.swift */ = {isa = PBXFileReference; lastKnownFileType = sourcecode.swift; path = Cricket_InfoUITests.swift; sourceTree = "<group>"; };
		898A379229948AF00048F009 /* Cricket_InfoUITestsLaunchTests.swift */ = {isa = PBXFileReference; lastKnownFileType = sourcecode.swift; path = Cricket_InfoUITestsLaunchTests.swift; sourceTree = "<group>"; };
/* End PBXFileReference section */

/* Begin PBXFrameworksBuildPhase section */
		898A376629948AEF0048F009 /* Frameworks */ = {
			isa = PBXFrameworksBuildPhase;
			buildActionMask = 2147483647;
			files = (
			);
			runOnlyForDeploymentPostprocessing = 0;
		};
		898A377F29948AF00048F009 /* Frameworks */ = {
			isa = PBXFrameworksBuildPhase;
			buildActionMask = 2147483647;
			files = (
			);
			runOnlyForDeploymentPostprocessing = 0;
		};
		898A378929948AF00048F009 /* Frameworks */ = {
			isa = PBXFrameworksBuildPhase;
			buildActionMask = 2147483647;
			files = (
			);
			runOnlyForDeploymentPostprocessing = 0;
		};
/* End PBXFrameworksBuildPhase section */

/* Begin PBXGroup section */
		898A376029948AEF0048F009 = {
			isa = PBXGroup;
			children = (
				898A376B29948AF00048F009 /* Cricket_Info */,
				898A378529948AF00048F009 /* Cricket_InfoTests */,
				898A378F29948AF00048F009 /* Cricket_InfoUITests */,
				898A376A29948AF00048F009 /* Products */,
			);
			sourceTree = "<group>";
		};
		898A376A29948AF00048F009 /* Products */ = {
			isa = PBXGroup;
			children = (
				898A376929948AF00048F009 /* Cricket_Info.app */,
				898A378229948AF00048F009 /* Cricket_InfoTests.xctest */,
				898A378C29948AF00048F009 /* Cricket_InfoUITests.xctest */,
			);
			name = Products;
			sourceTree = "<group>";
		};
		898A376B29948AF00048F009 /* Cricket_Info */ = {
			isa = PBXGroup;
			children = (
				898A376C29948AF00048F009 /* AppDelegate.swift */,
				898A376E29948AF00048F009 /* SceneDelegate.swift */,
				898A377029948AF00048F009 /* ViewController.swift */,
				898A377229948AF00048F009 /* Main.storyboard */,
				898A377829948AF00048F009 /* Assets.xcassets */,
				898A377A29948AF00048F009 /* LaunchScreen.storyboard */,
				898A377D29948AF00048F009 /* Info.plist */,
				898A377529948AF00048F009 /* Cricket_Info.xcdatamodeld */,
			);
			path = Cricket_Info;
			sourceTree = "<group>";
		};
		898A378529948AF00048F009 /* Cricket_InfoTests */ = {
			isa = PBXGroup;
			children = (
				898A378629948AF00048F009 /* Cricket_InfoTests.swift */,
			);
			path = Cricket_InfoTests;
			sourceTree = "<group>";
		};
		898A378F29948AF00048F009 /* Cricket_InfoUITests */ = {
			isa = PBXGroup;
			children = (
				898A379029948AF00048F009 /* Cricket_InfoUITests.swift */,
				898A379229948AF00048F009 /* Cricket_InfoUITestsLaunchTests.swift */,
			);
			path = Cricket_InfoUITests;
			sourceTree = "<group>";
		};
/* End PBXGroup section */

/* Begin PBXNativeTarget section */
		898A376829948AEF0048F009 /* Cricket_Info */ = {
			isa = PBXNativeTarget;
			buildConfigurationList = 898A379629948AF00048F009 /* Build configuration list for PBXNativeTarget "Cricket_Info" */;
			buildPhases = (
				898A376529948AEF0048F009 /* Sources */,
				898A376629948AEF0048F009 /* Frameworks */,
				898A376729948AEF0048F009 /* Resources */,
			);
			buildRules = (
			);
			dependencies = (
			);
			name = Cricket_Info;
			productName = Cricket_Info;
			productReference = 898A376929948AF00048F009 /* Cricket_Info.app */;
			productType = "com.apple.product-type.application";
		};
		898A378129948AF00048F009 /* Cricket_InfoTests */ = {
			isa = PBXNativeTarget;
			buildConfigurationList = 898A379929948AF00048F009 /* Build configuration list for PBXNativeTarget "Cricket_InfoTests" */;
			buildPhases = (
				898A377E29948AF00048F009 /* Sources */,
				898A377F29948AF00048F009 /* Frameworks */,
				898A378029948AF00048F009 /* Resources */,
			);
			buildRules = (
			);
			dependencies = (
				898A378429948AF00048F009 /* PBXTargetDependency */,
			);
			name = Cricket_InfoTests;
			productName = Cricket_InfoTests;
			productReference = 898A378229948AF00048F009 /* Cricket_InfoTests.xctest */;
			productType = "com.apple.product-type.bundle.unit-test";
		};
		898A378B29948AF00048F009 /* Cricket_InfoUITests */ = {
			isa = PBXNativeTarget;
			buildConfigurationList = 898A379C29948AF00048F009 /* Build configuration list for PBXNativeTarget "Cricket_InfoUITests" */;
			buildPhases = (
				898A378829948AF00048F009 /* Sources */,
				898A378929948AF00048F009 /* Frameworks */,
				898A378A29948AF00048F009 /* Resources */,
			);
			buildRules = (
			);
			dependencies = (
				898A378E29948AF00048F009 /* PBXTargetDependency */,
			);
			name = Cricket_InfoUITests;
			productName = Cricket_InfoUITests;
			productReference = 898A378C29948AF00048F009 /* Cricket_InfoUITests.xctest */;
			productType = "com.apple.product-type.bundle.ui-testing";
		};
/* End PBXNativeTarget section */

/* Begin PBXProject section */
		898A376129948AEF0048F009 /* Project object */ = {
			isa = PBXProject;
			attributes = {
				BuildIndependentTargetsInParallel = 1;
				LastSwiftUpdateCheck = 1340;
				LastUpgradeCheck = 1340;
				TargetAttributes = {
					898A376829948AEF0048F009 = {
						CreatedOnToolsVersion = 13.4;
					};
					898A378129948AF00048F009 = {
						CreatedOnToolsVersion = 13.4;
						TestTargetID = 898A376829948AEF0048F009;
					};
					898A378B29948AF00048F009 = {
						CreatedOnToolsVersion = 13.4;
						TestTargetID = 898A376829948AEF0048F009;
					};
				};
			};
			buildConfigurationList = 898A376429948AEF0048F009 /* Build configuration list for PBXProject "Cricket_Info" */;
			compatibilityVersion = "Xcode 13.0";
			developmentRegion = en;
			hasScannedForEncodings = 0;
			knownRegions = (
				en,
				Base,
			);
			mainGroup = 898A376029948AEF0048F009;
			productRefGroup = 898A376A29948AF00048F009 /* Products */;
			projectDirPath = "";
			projectRoot = "";
			targets = (
				898A376829948AEF0048F009 /* Cricket_Info */,
				898A378129948AF00048F009 /* Cricket_InfoTests */,
				898A378B29948AF00048F009 /* Cricket_InfoUITests */,
			);
		};
/* End PBXProject section */

/* Begin PBXResourcesBuildPhase section */
		898A376729948AEF0048F009 /* Resources */ = {
			isa = PBXResourcesBuildPhase;
			buildActionMask = 2147483647;
			files = (
				898A377C29948AF00048F009 /* LaunchScreen.storyboard in Resources */,
				898A377929948AF00048F009 /* Assets.xcassets in Resources */,
				898A377429948AF00048F009 /* Main.storyboard in Resources */,
			);
			runOnlyForDeploymentPostprocessing = 0;
		};
		898A378029948AF00048F009 /* Resources */ = {
			isa = PBXResourcesBuildPhase;
			buildActionMask = 2147483647;
			files = (
			);
			runOnlyForDeploymentPostprocessing = 0;
		};
		898A378A29948AF00048F009 /* Resources */ = {
			isa = PBXResourcesBuildPhase;
			buildActionMask = 2147483647;
			files = (
			);
			runOnlyForDeploymentPostprocessing = 0;
		};
/* End PBXResourcesBuildPhase section */

/* Begin PBXSourcesBuildPhase section */
		898A376529948AEF0048F009 /* Sources */ = {
			isa = PBXSourcesBuildPhase;
			buildActionMask = 2147483647;
			files = (
				898A377129948AF00048F009 /* ViewController.swift in Sources */,
				898A377729948AF00048F009 /* Cricket_Info.xcdatamodeld in Sources */,
				898A376D29948AF00048F009 /* AppDelegate.swift in Sources */,
				898A376F29948AF00048F009 /* SceneDelegate.swift in Sources */,
			);
			runOnlyForDeploymentPostprocessing = 0;
		};
		898A377E29948AF00048F009 /* Sources */ = {
			isa = PBXSourcesBuildPhase;
			buildActionMask = 2147483647;
			files = (
				898A378729948AF00048F009 /* Cricket_InfoTests.swift in Sources */,
			);
			runOnlyForDeploymentPostprocessing = 0;
		};
		898A378829948AF00048F009 /* Sources */ = {
			isa = PBXSourcesBuildPhase;
			buildActionMask = 2147483647;
			files = (
				898A379329948AF00048F009 /* Cricket_InfoUITestsLaunchTests.swift in Sources */,
				898A379129948AF00048F009 /* Cricket_InfoUITests.swift in Sources */,
			);
			runOnlyForDeploymentPostprocessing = 0;
		};
/* End PBXSourcesBuildPhase section */

/* Begin PBXTargetDependency section */
		898A378429948AF00048F009 /* PBXTargetDependency */ = {
			isa = PBXTargetDependency;
			target = 898A376829948AEF0048F009 /* Cricket_Info */;
			targetProxy = 898A378329948AF00048F009 /* PBXContainerItemProxy */;
		};
		898A378E29948AF00048F009 /* PBXTargetDependency */ = {
			isa = PBXTargetDependency;
			target = 898A376829948AEF0048F009 /* Cricket_Info */;
			targetProxy = 898A378D29948AF00048F009 /* PBXContainerItemProxy */;
		};
/* End PBXTargetDependency section */

/* Begin PBXVariantGroup section */
		898A377229948AF00048F009 /* Main.storyboard */ = {
			isa = PBXVariantGroup;
			children = (
				898A377329948AF00048F009 /* Base */,
			);
			name = Main.storyboard;
			sourceTree = "<group>";
		};
		898A377A29948AF00048F009 /* LaunchScreen.storyboard */ = {
			isa = PBXVariantGroup;
			children = (
				898A377B29948AF00048F009 /* Base */,
			);
			name = LaunchScreen.storyboard;
			sourceTree = "<group>";
		};
/* End PBXVariantGroup section */

/* Begin XCBuildConfiguration section */
		898A379429948AF00048F009 /* Debug */ = {
			isa = XCBuildConfiguration;
			buildSettings = {
				ALWAYS_SEARCH_USER_PATHS = NO;
				CLANG_ANALYZER_NONNULL = YES;
				CLANG_ANALYZER_NUMBER_OBJECT_CONVERSION = YES_AGGRESSIVE;
				CLANG_CXX_LANGUAGE_STANDARD = "gnu++17";
				CLANG_ENABLE_MODULES = YES;
				CLANG_ENABLE_OBJC_ARC = YES;
				CLANG_ENABLE_OBJC_WEAK = YES;
				CLANG_WARN_BLOCK_CAPTURE_AUTORELEASING = YES;
				CLANG_WARN_BOOL_CONVERSION = YES;
				CLANG_WARN_COMMA = YES;
				CLANG_WARN_CONSTANT_CONVERSION = YES;
				CLANG_WARN_DEPRECATED_OBJC_IMPLEMENTATIONS = YES;
				CLANG_WARN_DIRECT_OBJC_ISA_USAGE = YES_ERROR;
				CLANG_WARN_DOCUMENTATION_COMMENTS = YES;
				CLANG_WARN_EMPTY_BODY = YES;
				CLANG_WARN_ENUM_CONVERSION = YES;
				CLANG_WARN_INFINITE_RECURSION = YES;
				CLANG_WARN_INT_CONVERSION = YES;
				CLANG_WARN_NON_LITERAL_NULL_CONVERSION = YES;
				CLANG_WARN_OBJC_IMPLICIT_RETAIN_SELF = YES;
				CLANG_WARN_OBJC_LITERAL_CONVERSION = YES;
				CLANG_WARN_OBJC_ROOT_CLASS = YES_ERROR;
				CLANG_WARN_QUOTED_INCLUDE_IN_FRAMEWORK_HEADER = YES;
				CLANG_WARN_RANGE_LOOP_ANALYSIS = YES;
				CLANG_WARN_STRICT_PROTOTYPES = YES;
				CLANG_WARN_SUSPICIOUS_MOVE = YES;
				CLANG_WARN_UNGUARDED_AVAILABILITY = YES_AGGRESSIVE;
				CLANG_WARN_UNREACHABLE_CODE = YES;
				CLANG_WARN__DUPLICATE_METHOD_MATCH = YES;
				COPY_PHASE_STRIP = NO;
				DEBUG_INFORMATION_FORMAT = dwarf;
				ENABLE_STRICT_OBJC_MSGSEND = YES;
				ENABLE_TESTABILITY = YES;
				GCC_C_LANGUAGE_STANDARD = gnu11;
				GCC_DYNAMIC_NO_PIC = NO;
				GCC_NO_COMMON_BLOCKS = YES;
				GCC_OPTIMIZATION_LEVEL = 0;
				GCC_PREPROCESSOR_DEFINITIONS = (
					"DEBUG=1",
					"$(inherited)",
				);
				GCC_WARN_64_TO_32_BIT_CONVERSION = YES;
				GCC_WARN_ABOUT_RETURN_TYPE = YES_ERROR;
				GCC_WARN_UNDECLARED_SELECTOR = YES;
				GCC_WARN_UNINITIALIZED_AUTOS = YES_AGGRESSIVE;
				GCC_WARN_UNUSED_FUNCTION = YES;
				GCC_WARN_UNUSED_VARIABLE = YES;
				IPHONEOS_DEPLOYMENT_TARGET = 15.5;
				MTL_ENABLE_DEBUG_INFO = INCLUDE_SOURCE;
				MTL_FAST_MATH = YES;
				ONLY_ACTIVE_ARCH = YES;
				SDKROOT = iphoneos;
				SWIFT_ACTIVE_COMPILATION_CONDITIONS = DEBUG;
				SWIFT_OPTIMIZATION_LEVEL = "-Onone";
			};
			name = Debug;
		};
		898A379529948AF00048F009 /* Release */ = {
			isa = XCBuildConfiguration;
			buildSettings = {
				ALWAYS_SEARCH_USER_PATHS = NO;
				CLANG_ANALYZER_NONNULL = YES;
				CLANG_ANALYZER_NUMBER_OBJECT_CONVERSION = YES_AGGRESSIVE;
				CLANG_CXX_LANGUAGE_STANDARD = "gnu++17";
				CLANG_ENABLE_MODULES = YES;
				CLANG_ENABLE_OBJC_ARC = YES;
				CLANG_ENABLE_OBJC_WEAK = YES;
				CLANG_WARN_BLOCK_CAPTURE_AUTORELEASING = YES;
				CLANG_WARN_BOOL_CONVERSION = YES;
				CLANG_WARN_COMMA = YES;
				CLANG_WARN_CONSTANT_CONVERSION = YES;
				CLANG_WARN_DEPRECATED_OBJC_IMPLEMENTATIONS = YES;
				CLANG_WARN_DIRECT_OBJC_ISA_USAGE = YES_ERROR;
				CLANG_WARN_DOCUMENTATION_COMMENTS = YES;
				CLANG_WARN_EMPTY_BODY = YES;
				CLANG_WARN_ENUM_CONVERSION = YES;
				CLANG_WARN_INFINITE_RECURSION = YES;
				CLANG_WARN_INT_CONVERSION = YES;
				CLANG_WARN_NON_LITERAL_NULL_CONVERSION = YES;
				CLANG_WARN_OBJC_IMPLICIT_RETAIN_SELF = YES;
				CLANG_WARN_OBJC_LITERAL_CONVERSION = YES;
				CLANG_WARN_OBJC_ROOT_CLASS = YES_ERROR;
				CLANG_WARN_QUOTED_INCLUDE_IN_FRAMEWORK_HEADER = YES;
				CLANG_WARN_RANGE_LOOP_ANALYSIS = YES;
				CLANG_WARN_STRICT_PROTOTYPES = YES;
				CLANG_WARN_SUSPICIOUS_MOVE = YES;
				CLANG_WARN_UNGUARDED_AVAILABILITY = YES_AGGRESSIVE;
				CLANG_WARN_UNREACHABLE_CODE = YES;
				CLANG_WARN__DUPLICATE_METHOD_MATCH = YES;
				COPY_PHASE_STRIP = NO;
				DEBUG_INFORMATION_FORMAT = "dwarf-with-dsym";
				ENABLE_NS_ASSERTIONS = NO;
				ENABLE_STRICT_OBJC_MSGSEND = YES;
				GCC_C_LANGUAGE_STANDARD = gnu11;
				GCC_NO_COMMON_BLOCKS = YES;
				GCC_WARN_64_TO_32_BIT_CONVERSION = YES;
				GCC_WARN_ABOUT_RETURN_TYPE = YES_ERROR;
				GCC_WARN_UNDECLARED_SELECTOR = YES;
				GCC_WARN_UNINITIALIZED_AUTOS = YES_AGGRESSIVE;
				GCC_WARN_UNUSED_FUNCTION = YES;
				GCC_WARN_UNUSED_VARIABLE = YES;
				IPHONEOS_DEPLOYMENT_TARGET = 15.5;
				MTL_ENABLE_DEBUG_INFO = NO;
				MTL_FAST_MATH = YES;
				SDKROOT = iphoneos;
				SWIFT_COMPILATION_MODE = wholemodule;
				SWIFT_OPTIMIZATION_LEVEL = "-O";
				VALIDATE_PRODUCT = YES;
			};
			name = Release;
		};
		898A379729948AF00048F009 /* Debug */ = {
			isa = XCBuildConfiguration;
			buildSettings = {
				ASSETCATALOG_COMPILER_APPICON_NAME = AppIcon;
				ASSETCATALOG_COMPILER_GLOBAL_ACCENT_COLOR_NAME = AccentColor;
				CODE_SIGN_STYLE = Automatic;
				CURRENT_PROJECT_VERSION = 1;
				GENERATE_INFOPLIST_FILE = YES;
				INFOPLIST_FILE = Cricket_Info/Info.plist;
				INFOPLIST_KEY_UIApplicationSupportsIndirectInputEvents = YES;
				INFOPLIST_KEY_UILaunchStoryboardName = LaunchScreen;
				INFOPLIST_KEY_UIMainStoryboardFile = Main;
				INFOPLIST_KEY_UISupportedInterfaceOrientations_iPad = "UIInterfaceOrientationPortrait UIInterfaceOrientationPortraitUpsideDown UIInterfaceOrientationLandscapeLeft UIInterfaceOrientationLandscapeRight";
				INFOPLIST_KEY_UISupportedInterfaceOrientations_iPhone = "UIInterfaceOrientationPortrait UIInterfaceOrientationLandscapeLeft UIInterfaceOrientationLandscapeRight";
				LD_RUNPATH_SEARCH_PATHS = (
					"$(inherited)",
					"@executable_path/Frameworks",
				);
				MARKETING_VERSION = 1.0;
				PRODUCT_BUNDLE_IDENTIFIER = "com.bjit.Cricket-Info";
				PRODUCT_NAME = "$(TARGET_NAME)";
				SWIFT_EMIT_LOC_STRINGS = YES;
				SWIFT_VERSION = 5.0;
				TARGETED_DEVICE_FAMILY = "1,2";
			};
			name = Debug;
		};
		898A379829948AF00048F009 /* Release */ = {
			isa = XCBuildConfiguration;
			buildSettings = {
				ASSETCATALOG_COMPILER_APPICON_NAME = AppIcon;
				ASSETCATALOG_COMPILER_GLOBAL_ACCENT_COLOR_NAME = AccentColor;
				CODE_SIGN_STYLE = Automatic;
				CURRENT_PROJECT_VERSION = 1;
				GENERATE_INFOPLIST_FILE = YES;
				INFOPLIST_FILE = Cricket_Info/Info.plist;
				INFOPLIST_KEY_UIApplicationSupportsIndirectInputEvents = YES;
				INFOPLIST_KEY_UILaunchStoryboardName = LaunchScreen;
				INFOPLIST_KEY_UIMainStoryboardFile = Main;
				INFOPLIST_KEY_UISupportedInterfaceOrientations_iPad = "UIInterfaceOrientationPortrait UIInterfaceOrientationPortraitUpsideDown UIInterfaceOrientationLandscapeLeft UIInterfaceOrientationLandscapeRight";
				INFOPLIST_KEY_UISupportedInterfaceOrientations_iPhone = "UIInterfaceOrientationPortrait UIInterfaceOrientationLandscapeLeft UIInterfaceOrientationLandscapeRight";
				LD_RUNPATH_SEARCH_PATHS = (
					"$(inherited)",
					"@executable_path/Frameworks",
				);
				MARKETING_VERSION = 1.0;
				PRODUCT_BUNDLE_IDENTIFIER = "com.bjit.Cricket-Info";
				PRODUCT_NAME = "$(TARGET_NAME)";
				SWIFT_EMIT_LOC_STRINGS = YES;
				SWIFT_VERSION = 5.0;
				TARGETED_DEVICE_FAMILY = "1,2";
			};
			name = Release;
		};
		898A379A29948AF00048F009 /* Debug */ = {
			isa = XCBuildConfiguration;
			buildSettings = {
				ALWAYS_EMBED_SWIFT_STANDARD_LIBRARIES = YES;
				BUNDLE_LOADER = "$(TEST_HOST)";
				CODE_SIGN_STYLE = Automatic;
				CURRENT_PROJECT_VERSION = 1;
				GENERATE_INFOPLIST_FILE = YES;
				IPHONEOS_DEPLOYMENT_TARGET = 15.5;
				MARKETING_VERSION = 1.0;
				PRODUCT_BUNDLE_IDENTIFIER = "com.bjit.Cricket-InfoTests";
				PRODUCT_NAME = "$(TARGET_NAME)";
				SWIFT_EMIT_LOC_STRINGS = NO;
				SWIFT_VERSION = 5.0;
				TARGETED_DEVICE_FAMILY = "1,2";
				TEST_HOST = "$(BUILT_PRODUCTS_DIR)/Cricket_Info.app/Cricket_Info";
			};
			name = Debug;
		};
		898A379B29948AF00048F009 /* Release */ = {
			isa = XCBuildConfiguration;
			buildSettings = {
				ALWAYS_EMBED_SWIFT_STANDARD_LIBRARIES = YES;
				BUNDLE_LOADER = "$(TEST_HOST)";
				CODE_SIGN_STYLE = Automatic;
				CURRENT_PROJECT_VERSION = 1;
				GENERATE_INFOPLIST_FILE = YES;
				IPHONEOS_DEPLOYMENT_TARGET = 15.5;
				MARKETING_VERSION = 1.0;
				PRODUCT_BUNDLE_IDENTIFIER = "com.bjit.Cricket-InfoTests";
				PRODUCT_NAME = "$(TARGET_NAME)";
				SWIFT_EMIT_LOC_STRINGS = NO;
				SWIFT_VERSION = 5.0;
				TARGETED_DEVICE_FAMILY = "1,2";
				TEST_HOST = "$(BUILT_PRODUCTS_DIR)/Cricket_Info.app/Cricket_Info";
			};
			name = Release;
		};
		898A379D29948AF00048F009 /* Debug */ = {
			isa = XCBuildConfiguration;
			buildSettings = {
				ALWAYS_EMBED_SWIFT_STANDARD_LIBRARIES = YES;
				CODE_SIGN_STYLE = Automatic;
				CURRENT_PROJECT_VERSION = 1;
				GENERATE_INFOPLIST_FILE = YES;
				MARKETING_VERSION = 1.0;
				PRODUCT_BUNDLE_IDENTIFIER = "com.bjit.Cricket-InfoUITests";
				PRODUCT_NAME = "$(TARGET_NAME)";
				SWIFT_EMIT_LOC_STRINGS = NO;
				SWIFT_VERSION = 5.0;
				TARGETED_DEVICE_FAMILY = "1,2";
				TEST_TARGET_NAME = Cricket_Info;
			};
			name = Debug;
		};
		898A379E29948AF00048F009 /* Release */ = {
			isa = XCBuildConfiguration;
			buildSettings = {
				ALWAYS_EMBED_SWIFT_STANDARD_LIBRARIES = YES;
				CODE_SIGN_STYLE = Automatic;
				CURRENT_PROJECT_VERSION = 1;
				GENERATE_INFOPLIST_FILE = YES;
				MARKETING_VERSION = 1.0;
				PRODUCT_BUNDLE_IDENTIFIER = "com.bjit.Cricket-InfoUITests";
				PRODUCT_NAME = "$(TARGET_NAME)";
				SWIFT_EMIT_LOC_STRINGS = NO;
				SWIFT_VERSION = 5.0;
				TARGETED_DEVICE_FAMILY = "1,2";
				TEST_TARGET_NAME = Cricket_Info;
			};
			name = Release;
		};
/* End XCBuildConfiguration section */

/* Begin XCConfigurationList section */
		898A376429948AEF0048F009 /* Build configuration list for PBXProject "Cricket_Info" */ = {
			isa = XCConfigurationList;
			buildConfigurations = (
				898A379429948AF00048F009 /* Debug */,
				898A379529948AF00048F009 /* Release */,
			);
			defaultConfigurationIsVisible = 0;
			defaultConfigurationName = Release;
		};
		898A379629948AF00048F009 /* Build configuration list for PBXNativeTarget "Cricket_Info" */ = {
			isa = XCConfigurationList;
			buildConfigurations = (
				898A379729948AF00048F009 /* Debug */,
				898A379829948AF00048F009 /* Release */,
			);
			defaultConfigurationIsVisible = 0;
			defaultConfigurationName = Release;
		};
		898A379929948AF00048F009 /* Build configuration list for PBXNativeTarget "Cricket_InfoTests" */ = {
			isa = XCConfigurationList;
			buildConfigurations = (
				898A379A29948AF00048F009 /* Debug */,
				898A379B29948AF00048F009 /* Release */,
			);
			defaultConfigurationIsVisible = 0;
			defaultConfigurationName = Release;
		};
		898A379C29948AF00048F009 /* Build configuration list for PBXNativeTarget "Cricket_InfoUITests" */ = {
			isa = XCConfigurationList;
			buildConfigurations = (
				898A379D29948AF00048F009 /* Debug */,
				898A379E29948AF00048F009 /* Release */,
			);
			defaultConfigurationIsVisible = 0;
			defaultConfigurationName = Release;
		};
/* End XCConfigurationList section */

/* Begin XCVersionGroup section */
		898A377529948AF00048F009 /* Cricket_Info.xcdatamodeld */ = {
			isa = XCVersionGroup;
			children = (
				898A377629948AF00048F009 /* Cricket_Info.xcdatamodel */,
			);
			currentVersion = 898A377629948AF00048F009 /* Cricket_Info.xcdatamodel */;
			path = Cricket_Info.xcdatamodeld;
			sourceTree = "<group>";
			versionGroupType = wrapper.xcdatamodel;
		};
/* End XCVersionGroup section */
	};
	rootObject = 898A376129948AEF0048F009 /* Project object */;
}
